// !$*UTF8*$!
{
	archiveVersion = 1;
	classes = {
	};
	objectVersion = 46;
	objects = {

/* Begin PBXBuildFile section */
		083C6D2C3B09B05DB15F9C1C /* Pods_Firebase_Sample_AppTests.framework in Frameworks */ = {isa = PBXBuildFile; fileRef = 96E59B913660C4FD722798DB /* Pods_Firebase_Sample_AppTests.framework */; };
		798BF5241EF461AA003563A7 /* EventVC.swift in Sources */ = {isa = PBXBuildFile; fileRef = 798BF5231EF461AA003563A7 /* EventVC.swift */; };
		84473C431E3ADA4B00E6492A /* AppDelegate.swift in Sources */ = {isa = PBXBuildFile; fileRef = 84473C421E3ADA4B00E6492A /* AppDelegate.swift */; };
		84473C481E3ADA4B00E6492A /* Main.storyboard in Resources */ = {isa = PBXBuildFile; fileRef = 84473C461E3ADA4B00E6492A /* Main.storyboard */; };
		84473C4A1E3ADA4B00E6492A /* Assets.xcassets in Resources */ = {isa = PBXBuildFile; fileRef = 84473C491E3ADA4B00E6492A /* Assets.xcassets */; };
		84473C4D1E3ADA4B00E6492A /* LaunchScreen.storyboard in Resources */ = {isa = PBXBuildFile; fileRef = 84473C4B1E3ADA4B00E6492A /* LaunchScreen.storyboard */; };
		84473C581E3ADA4B00E6492A /* Firebase_Sample_AppTests.swift in Sources */ = {isa = PBXBuildFile; fileRef = 84473C571E3ADA4B00E6492A /* Firebase_Sample_AppTests.swift */; };
		84473C631E3ADA4B00E6492A /* Firebase_Sample_AppUITests.swift in Sources */ = {isa = PBXBuildFile; fileRef = 84473C621E3ADA4B00E6492A /* Firebase_Sample_AppUITests.swift */; };
		84473C711E3ADCCD00E6492A /* FirebaseSampleAppTVC.swift in Sources */ = {isa = PBXBuildFile; fileRef = 84473C701E3ADCCD00E6492A /* FirebaseSampleAppTVC.swift */; };
		84473C731E3ADDEE00E6492A /* GoogleService-Info.plist in Resources */ = {isa = PBXBuildFile; fileRef = 84473C721E3ADDEE00E6492A /* GoogleService-Info.plist */; };
		84473C761E3AF94400E6492A /* EventCell.swift in Sources */ = {isa = PBXBuildFile; fileRef = 84473C741E3AF94400E6492A /* EventCell.swift */; };
		84473C791E3AFF7000E6492A /* AddEventVC.swift in Sources */ = {isa = PBXBuildFile; fileRef = 84473C781E3AFF7000E6492A /* AddEventVC.swift */; };
		84473C7C1E3B085600E6492A /* Event.swift in Sources */ = {isa = PBXBuildFile; fileRef = 84473C7B1E3B085600E6492A /* Event.swift */; };
		9A8DEE83865D7EE30DC0E395 /* Pods_Firebase_Sample_App.framework in Frameworks */ = {isa = PBXBuildFile; fileRef = F1271800BC2B2EDE3049C405 /* Pods_Firebase_Sample_App.framework */; };
		AA0687E4605658DA37E61D64 /* Pods_Firebase_Sample_AppUITests.framework in Frameworks */ = {isa = PBXBuildFile; fileRef = 7B81CD2E73F9FDDA3A25B409 /* Pods_Firebase_Sample_AppUITests.framework */; };
/* End PBXBuildFile section */

/* Begin PBXContainerItemProxy section */
		84473C541E3ADA4B00E6492A /* PBXContainerItemProxy */ = {
			isa = PBXContainerItemProxy;
			containerPortal = 84473C371E3ADA4B00E6492A /* Project object */;
			proxyType = 1;
			remoteGlobalIDString = 84473C3E1E3ADA4B00E6492A;
			remoteInfo = "Firebase Sample App";
		};
		84473C5F1E3ADA4B00E6492A /* PBXContainerItemProxy */ = {
			isa = PBXContainerItemProxy;
			containerPortal = 84473C371E3ADA4B00E6492A /* Project object */;
			proxyType = 1;
			remoteGlobalIDString = 84473C3E1E3ADA4B00E6492A;
			remoteInfo = "Firebase Sample App";
		};
/* End PBXContainerItemProxy section */

/* Begin PBXFileReference section */
		3E8FC5F70A224B2B0FE99C46 /* Pods-Firebase Sample AppUITests.release.xcconfig */ = {isa = PBXFileReference; includeInIndex = 1; lastKnownFileType = text.xcconfig; name = "Pods-Firebase Sample AppUITests.release.xcconfig"; path = "Pods/Target Support Files/Pods-Firebase Sample AppUITests/Pods-Firebase Sample AppUITests.release.xcconfig"; sourceTree = "<group>"; };
		4732E9A29AFBFDBB4396D06D /* Pods-Firebase Sample AppTests.debug.xcconfig */ = {isa = PBXFileReference; includeInIndex = 1; lastKnownFileType = text.xcconfig; name = "Pods-Firebase Sample AppTests.debug.xcconfig"; path = "Pods/Target Support Files/Pods-Firebase Sample AppTests/Pods-Firebase Sample AppTests.debug.xcconfig"; sourceTree = "<group>"; };
		7510C25079CD49109DC157DE /* Pods-Firebase Sample AppTests.release.xcconfig */ = {isa = PBXFileReference; includeInIndex = 1; lastKnownFileType = text.xcconfig; name = "Pods-Firebase Sample AppTests.release.xcconfig"; path = "Pods/Target Support Files/Pods-Firebase Sample AppTests/Pods-Firebase Sample AppTests.release.xcconfig"; sourceTree = "<group>"; };
		798BF5231EF461AA003563A7 /* EventVC.swift */ = {isa = PBXFileReference; fileEncoding = 4; lastKnownFileType = sourcecode.swift; path = EventVC.swift; sourceTree = "<group>"; };
		7B81CD2E73F9FDDA3A25B409 /* Pods_Firebase_Sample_AppUITests.framework */ = {isa = PBXFileReference; explicitFileType = wrapper.framework; includeInIndex = 0; path = Pods_Firebase_Sample_AppUITests.framework; sourceTree = BUILT_PRODUCTS_DIR; };
		8140766CC4D38B114B6ABBE5 /* Pods-Firebase Sample AppUITests.debug.xcconfig */ = {isa = PBXFileReference; includeInIndex = 1; lastKnownFileType = text.xcconfig; name = "Pods-Firebase Sample AppUITests.debug.xcconfig"; path = "Pods/Target Support Files/Pods-Firebase Sample AppUITests/Pods-Firebase Sample AppUITests.debug.xcconfig"; sourceTree = "<group>"; };
		84473C3F1E3ADA4B00E6492A /* Firebase Sample App.app */ = {isa = PBXFileReference; explicitFileType = wrapper.application; includeInIndex = 0; path = "Firebase Sample App.app"; sourceTree = BUILT_PRODUCTS_DIR; };
		84473C421E3ADA4B00E6492A /* AppDelegate.swift */ = {isa = PBXFileReference; lastKnownFileType = sourcecode.swift; path = AppDelegate.swift; sourceTree = "<group>"; };
		84473C471E3ADA4B00E6492A /* Base */ = {isa = PBXFileReference; lastKnownFileType = file.storyboard; name = Base; path = Base.lproj/Main.storyboard; sourceTree = "<group>"; };
		84473C491E3ADA4B00E6492A /* Assets.xcassets */ = {isa = PBXFileReference; lastKnownFileType = folder.assetcatalog; path = Assets.xcassets; sourceTree = "<group>"; };
		84473C4C1E3ADA4B00E6492A /* Base */ = {isa = PBXFileReference; lastKnownFileType = file.storyboard; name = Base; path = Base.lproj/LaunchScreen.storyboard; sourceTree = "<group>"; };
		84473C4E1E3ADA4B00E6492A /* Info.plist */ = {isa = PBXFileReference; lastKnownFileType = text.plist.xml; path = Info.plist; sourceTree = "<group>"; };
		84473C531E3ADA4B00E6492A /* Firebase Sample AppTests.xctest */ = {isa = PBXFileReference; explicitFileType = wrapper.cfbundle; includeInIndex = 0; path = "Firebase Sample AppTests.xctest"; sourceTree = BUILT_PRODUCTS_DIR; };
		84473C571E3ADA4B00E6492A /* Firebase_Sample_AppTests.swift */ = {isa = PBXFileReference; lastKnownFileType = sourcecode.swift; path = Firebase_Sample_AppTests.swift; sourceTree = "<group>"; };
		84473C591E3ADA4B00E6492A /* Info.plist */ = {isa = PBXFileReference; lastKnownFileType = text.plist.xml; path = Info.plist; sourceTree = "<group>"; };
		84473C5E1E3ADA4B00E6492A /* Firebase Sample AppUITests.xctest */ = {isa = PBXFileReference; explicitFileType = wrapper.cfbundle; includeInIndex = 0; path = "Firebase Sample AppUITests.xctest"; sourceTree = BUILT_PRODUCTS_DIR; };
		84473C621E3ADA4B00E6492A /* Firebase_Sample_AppUITests.swift */ = {isa = PBXFileReference; lastKnownFileType = sourcecode.swift; path = Firebase_Sample_AppUITests.swift; sourceTree = "<group>"; };
		84473C641E3ADA4B00E6492A /* Info.plist */ = {isa = PBXFileReference; lastKnownFileType = text.plist.xml; path = Info.plist; sourceTree = "<group>"; };
		84473C701E3ADCCD00E6492A /* FirebaseSampleAppTVC.swift */ = {isa = PBXFileReference; fileEncoding = 4; lastKnownFileType = sourcecode.swift; path = FirebaseSampleAppTVC.swift; sourceTree = "<group>"; };
		84473C721E3ADDEE00E6492A /* GoogleService-Info.plist */ = {isa = PBXFileReference; fileEncoding = 4; lastKnownFileType = text.plist.xml; path = "GoogleService-Info.plist"; sourceTree = "<group>"; };
		84473C741E3AF94400E6492A /* EventCell.swift */ = {isa = PBXFileReference; fileEncoding = 4; lastKnownFileType = sourcecode.swift; path = EventCell.swift; sourceTree = "<group>"; };
		84473C781E3AFF7000E6492A /* AddEventVC.swift */ = {isa = PBXFileReference; fileEncoding = 4; lastKnownFileType = sourcecode.swift; path = AddEventVC.swift; sourceTree = "<group>"; };
		84473C7B1E3B085600E6492A /* Event.swift */ = {isa = PBXFileReference; fileEncoding = 4; lastKnownFileType = sourcecode.swift; name = Event.swift; path = domain/Event.swift; sourceTree = "<group>"; };
		96E59B913660C4FD722798DB /* Pods_Firebase_Sample_AppTests.framework */ = {isa = PBXFileReference; explicitFileType = wrapper.framework; includeInIndex = 0; path = Pods_Firebase_Sample_AppTests.framework; sourceTree = BUILT_PRODUCTS_DIR; };
		A159116802B17CD8EEE9228E /* Pods-Firebase Sample App.release.xcconfig */ = {isa = PBXFileReference; includeInIndex = 1; lastKnownFileType = text.xcconfig; name = "Pods-Firebase Sample App.release.xcconfig"; path = "Pods/Target Support Files/Pods-Firebase Sample App/Pods-Firebase Sample App.release.xcconfig"; sourceTree = "<group>"; };
		D65FCAB86ACE913BAE9B6388 /* Pods-Firebase Sample App.debug.xcconfig */ = {isa = PBXFileReference; includeInIndex = 1; lastKnownFileType = text.xcconfig; name = "Pods-Firebase Sample App.debug.xcconfig"; path = "Pods/Target Support Files/Pods-Firebase Sample App/Pods-Firebase Sample App.debug.xcconfig"; sourceTree = "<group>"; };
		F1271800BC2B2EDE3049C405 /* Pods_Firebase_Sample_App.framework */ = {isa = PBXFileReference; explicitFileType = wrapper.framework; includeInIndex = 0; path = Pods_Firebase_Sample_App.framework; sourceTree = BUILT_PRODUCTS_DIR; };
/* End PBXFileReference section */

/* Begin PBXFrameworksBuildPhase section */
		84473C3C1E3ADA4B00E6492A /* Frameworks */ = {
			isa = PBXFrameworksBuildPhase;
			buildActionMask = 2147483647;
			files = (
				9A8DEE83865D7EE30DC0E395 /* Pods_Firebase_Sample_App.framework in Frameworks */,
			);
			runOnlyForDeploymentPostprocessing = 0;
		};
		84473C501E3ADA4B00E6492A /* Frameworks */ = {
			isa = PBXFrameworksBuildPhase;
			buildActionMask = 2147483647;
			files = (
				083C6D2C3B09B05DB15F9C1C /* Pods_Firebase_Sample_AppTests.framework in Frameworks */,
			);
			runOnlyForDeploymentPostprocessing = 0;
		};
		84473C5B1E3ADA4B00E6492A /* Frameworks */ = {
			isa = PBXFrameworksBuildPhase;
			buildActionMask = 2147483647;
			files = (
				AA0687E4605658DA37E61D64 /* Pods_Firebase_Sample_AppUITests.framework in Frameworks */,
			);
			runOnlyForDeploymentPostprocessing = 0;
		};
/* End PBXFrameworksBuildPhase section */

/* Begin PBXGroup section */
		07A33BCCCE6E849E24A9D77D /* Frameworks */ = {
			isa = PBXGroup;
			children = (
				F1271800BC2B2EDE3049C405 /* Pods_Firebase_Sample_App.framework */,
				96E59B913660C4FD722798DB /* Pods_Firebase_Sample_AppTests.framework */,
				7B81CD2E73F9FDDA3A25B409 /* Pods_Firebase_Sample_AppUITests.framework */,
			);
			name = Frameworks;
			sourceTree = "<group>";
		};
		1FD88E69DD7B805B711858C7 /* Pods */ = {
			isa = PBXGroup;
			children = (
				D65FCAB86ACE913BAE9B6388 /* Pods-Firebase Sample App.debug.xcconfig */,
				A159116802B17CD8EEE9228E /* Pods-Firebase Sample App.release.xcconfig */,
				4732E9A29AFBFDBB4396D06D /* Pods-Firebase Sample AppTests.debug.xcconfig */,
				7510C25079CD49109DC157DE /* Pods-Firebase Sample AppTests.release.xcconfig */,
				8140766CC4D38B114B6ABBE5 /* Pods-Firebase Sample AppUITests.debug.xcconfig */,
				3E8FC5F70A224B2B0FE99C46 /* Pods-Firebase Sample AppUITests.release.xcconfig */,
			);
			name = Pods;
			sourceTree = "<group>";
		};
		84473C361E3ADA4B00E6492A = {
			isa = PBXGroup;
			children = (
				84473C411E3ADA4B00E6492A /* Firebase Sample App */,
				84473C561E3ADA4B00E6492A /* Firebase Sample AppTests */,
				84473C611E3ADA4B00E6492A /* Firebase Sample AppUITests */,
				84473C401E3ADA4B00E6492A /* Products */,
				1FD88E69DD7B805B711858C7 /* Pods */,
				07A33BCCCE6E849E24A9D77D /* Frameworks */,
			);
			sourceTree = "<group>";
		};
		84473C401E3ADA4B00E6492A /* Products */ = {
			isa = PBXGroup;
			children = (
				84473C3F1E3ADA4B00E6492A /* Firebase Sample App.app */,
				84473C531E3ADA4B00E6492A /* Firebase Sample AppTests.xctest */,
				84473C5E1E3ADA4B00E6492A /* Firebase Sample AppUITests.xctest */,
			);
			name = Products;
			sourceTree = "<group>";
		};
		84473C411E3ADA4B00E6492A /* Firebase Sample App */ = {
			isa = PBXGroup;
			children = (
				84473C7A1E3B083000E6492A /* domain */,
				84473C721E3ADDEE00E6492A /* GoogleService-Info.plist */,
				84473C421E3ADA4B00E6492A /* AppDelegate.swift */,
				84473C461E3ADA4B00E6492A /* Main.storyboard */,
				84473C491E3ADA4B00E6492A /* Assets.xcassets */,
				84473C4B1E3ADA4B00E6492A /* LaunchScreen.storyboard */,
				84473C4E1E3ADA4B00E6492A /* Info.plist */,
				84473C701E3ADCCD00E6492A /* FirebaseSampleAppTVC.swift */,
				84473C741E3AF94400E6492A /* EventCell.swift */,
				84473C781E3AFF7000E6492A /* AddEventVC.swift */,
				798BF5231EF461AA003563A7 /* EventVC.swift */,
			);
			path = "Firebase Sample App";
			sourceTree = "<group>";
		};
		84473C561E3ADA4B00E6492A /* Firebase Sample AppTests */ = {
			isa = PBXGroup;
			children = (
				84473C571E3ADA4B00E6492A /* Firebase_Sample_AppTests.swift */,
				84473C591E3ADA4B00E6492A /* Info.plist */,
			);
			path = "Firebase Sample AppTests";
			sourceTree = "<group>";
		};
		84473C611E3ADA4B00E6492A /* Firebase Sample AppUITests */ = {
			isa = PBXGroup;
			children = (
				84473C621E3ADA4B00E6492A /* Firebase_Sample_AppUITests.swift */,
				84473C641E3ADA4B00E6492A /* Info.plist */,
			);
			path = "Firebase Sample AppUITests";
			sourceTree = "<group>";
		};
		84473C7A1E3B083000E6492A /* domain */ = {
			isa = PBXGroup;
			children = (
				84473C7B1E3B085600E6492A /* Event.swift */,
			);
			name = domain;
			sourceTree = "<group>";
		};
/* End PBXGroup section */

/* Begin PBXNativeTarget section */
		84473C3E1E3ADA4B00E6492A /* Firebase Sample App */ = {
			isa = PBXNativeTarget;
			buildConfigurationList = 84473C671E3ADA4B00E6492A /* Build configuration list for PBXNativeTarget "Firebase Sample App" */;
			buildPhases = (
				B65EDEFF98D0745C105FA62E /* [CP] Check Pods Manifest.lock */,
				84473C3B1E3ADA4B00E6492A /* Sources */,
				84473C3C1E3ADA4B00E6492A /* Frameworks */,
				84473C3D1E3ADA4B00E6492A /* Resources */,
				E93BB7DB2C110633CDBBCD1C /* [CP] Embed Pods Frameworks */,
			);
			buildRules = (
			);
			dependencies = (
			);
			name = "Firebase Sample App";
			productName = "Firebase Sample App";
			productReference = 84473C3F1E3ADA4B00E6492A /* Firebase Sample App.app */;
			productType = "com.apple.product-type.application";
		};
		84473C521E3ADA4B00E6492A /* Firebase Sample AppTests */ = {
			isa = PBXNativeTarget;
			buildConfigurationList = 84473C6A1E3ADA4B00E6492A /* Build configuration list for PBXNativeTarget "Firebase Sample AppTests" */;
			buildPhases = (
				B756DD6191FDBCB3E991EFCE /* [CP] Check Pods Manifest.lock */,
				84473C4F1E3ADA4B00E6492A /* Sources */,
				84473C501E3ADA4B00E6492A /* Frameworks */,
				84473C511E3ADA4B00E6492A /* Resources */,
			);
			buildRules = (
			);
			dependencies = (
				84473C551E3ADA4B00E6492A /* PBXTargetDependency */,
			);
			name = "Firebase Sample AppTests";
			productName = "Firebase Sample AppTests";
			productReference = 84473C531E3ADA4B00E6492A /* Firebase Sample AppTests.xctest */;
			productType = "com.apple.product-type.bundle.unit-test";
		};
		84473C5D1E3ADA4B00E6492A /* Firebase Sample AppUITests */ = {
			isa = PBXNativeTarget;
			buildConfigurationList = 84473C6D1E3ADA4B00E6492A /* Build configuration list for PBXNativeTarget "Firebase Sample AppUITests" */;
			buildPhases = (
				B58D6FDBBB849EFC5EE0BB1D /* [CP] Check Pods Manifest.lock */,
				84473C5A1E3ADA4B00E6492A /* Sources */,
				84473C5B1E3ADA4B00E6492A /* Frameworks */,
				84473C5C1E3ADA4B00E6492A /* Resources */,
			);
			buildRules = (
			);
			dependencies = (
				84473C601E3ADA4B00E6492A /* PBXTargetDependency */,
			);
			name = "Firebase Sample AppUITests";
			productName = "Firebase Sample AppUITests";
			productReference = 84473C5E1E3ADA4B00E6492A /* Firebase Sample AppUITests.xctest */;
			productType = "com.apple.product-type.bundle.ui-testing";
		};
/* End PBXNativeTarget section */

/* Begin PBXProject section */
		84473C371E3ADA4B00E6492A /* Project object */ = {
			isa = PBXProject;
			attributes = {
				LastSwiftUpdateCheck = 0820;
				LastUpgradeCheck = 1010;
				ORGANIZATIONNAME = "Richard Gathogo";
				TargetAttributes = {
					84473C3E1E3ADA4B00E6492A = {
						CreatedOnToolsVersion = 8.2.1;
						DevelopmentTeam = 45SUR73JFY;
						LastSwiftMigration = 1010;
						ProvisioningStyle = Automatic;
					};
					84473C521E3ADA4B00E6492A = {
						CreatedOnToolsVersion = 8.2.1;
						DevelopmentTeam = 45SUR73JFY;
						LastSwiftMigration = 1010;
						ProvisioningStyle = Automatic;
						TestTargetID = 84473C3E1E3ADA4B00E6492A;
					};
					84473C5D1E3ADA4B00E6492A = {
						CreatedOnToolsVersion = 8.2.1;
						DevelopmentTeam = 45SUR73JFY;
						LastSwiftMigration = 1010;
						ProvisioningStyle = Automatic;
						TestTargetID = 84473C3E1E3ADA4B00E6492A;
					};
				};
			};
			buildConfigurationList = 84473C3A1E3ADA4B00E6492A /* Build configuration list for PBXProject "Firebase Sample App" */;
			compatibilityVersion = "Xcode 3.2";
			developmentRegion = English;
			hasScannedForEncodings = 0;
			knownRegions = (
				en,
				Base,
			);
			mainGroup = 84473C361E3ADA4B00E6492A;
			productRefGroup = 84473C401E3ADA4B00E6492A /* Products */;
			projectDirPath = "";
			projectRoot = "";
			targets = (
				84473C3E1E3ADA4B00E6492A /* Firebase Sample App */,
				84473C521E3ADA4B00E6492A /* Firebase Sample AppTests */,
				84473C5D1E3ADA4B00E6492A /* Firebase Sample AppUITests */,
			);
		};
/* End PBXProject section */

/* Begin PBXResourcesBuildPhase section */
		84473C3D1E3ADA4B00E6492A /* Resources */ = {
			isa = PBXResourcesBuildPhase;
			buildActionMask = 2147483647;
			files = (
				84473C4D1E3ADA4B00E6492A /* LaunchScreen.storyboard in Resources */,
				84473C731E3ADDEE00E6492A /* GoogleService-Info.plist in Resources */,
				84473C4A1E3ADA4B00E6492A /* Assets.xcassets in Resources */,
				84473C481E3ADA4B00E6492A /* Main.storyboard in Resources */,
			);
			runOnlyForDeploymentPostprocessing = 0;
		};
		84473C511E3ADA4B00E6492A /* Resources */ = {
			isa = PBXResourcesBuildPhase;
			buildActionMask = 2147483647;
			files = (
			);
			runOnlyForDeploymentPostprocessing = 0;
		};
		84473C5C1E3ADA4B00E6492A /* Resources */ = {
			isa = PBXResourcesBuildPhase;
			buildActionMask = 2147483647;
			files = (
			);
			runOnlyForDeploymentPostprocessing = 0;
		};
/* End PBXResourcesBuildPhase section */

/* Begin PBXShellScriptBuildPhase section */
		B58D6FDBBB849EFC5EE0BB1D /* [CP] Check Pods Manifest.lock */ = {
			isa = PBXShellScriptBuildPhase;
			buildActionMask = 2147483647;
			files = (
			);
			inputPaths = (
				"${PODS_PODFILE_DIR_PATH}/Podfile.lock",
				"${PODS_ROOT}/Manifest.lock",
			);
			name = "[CP] Check Pods Manifest.lock";
			outputPaths = (
				"$(DERIVED_FILE_DIR)/Pods-Firebase Sample AppUITests-checkManifestLockResult.txt",
			);
			runOnlyForDeploymentPostprocessing = 0;
			shellPath = /bin/sh;
			shellScript = "diff \"${PODS_PODFILE_DIR_PATH}/Podfile.lock\" \"${PODS_ROOT}/Manifest.lock\" > /dev/null\nif [ $? != 0 ] ; then\n    # print error to STDERR\n    echo \"error: The sandbox is not in sync with the Podfile.lock. Run 'pod install' or update your CocoaPods installation.\" >&2\n    exit 1\nfi\n# This output is used by Xcode 'outputs' to avoid re-running this script phase.\necho \"SUCCESS\" > \"${SCRIPT_OUTPUT_FILE_0}\"\n";
			showEnvVarsInLog = 0;
		};
		B65EDEFF98D0745C105FA62E /* [CP] Check Pods Manifest.lock */ = {
			isa = PBXShellScriptBuildPhase;
			buildActionMask = 2147483647;
			files = (
			);
			inputPaths = (
				"${PODS_PODFILE_DIR_PATH}/Podfile.lock",
				"${PODS_ROOT}/Manifest.lock",
			);
			name = "[CP] Check Pods Manifest.lock";
			outputPaths = (
				"$(DERIVED_FILE_DIR)/Pods-Firebase Sample App-checkManifestLockResult.txt",
			);
			runOnlyForDeploymentPostprocessing = 0;
			shellPath = /bin/sh;
			shellScript = "diff \"${PODS_PODFILE_DIR_PATH}/Podfile.lock\" \"${PODS_ROOT}/Manifest.lock\" > /dev/null\nif [ $? != 0 ] ; then\n    # print error to STDERR\n    echo \"error: The sandbox is not in sync with the Podfile.lock. Run 'pod install' or update your CocoaPods installation.\" >&2\n    exit 1\nfi\n# This output is used by Xcode 'outputs' to avoid re-running this script phase.\necho \"SUCCESS\" > \"${SCRIPT_OUTPUT_FILE_0}\"\n";
			showEnvVarsInLog = 0;
		};
		B756DD6191FDBCB3E991EFCE /* [CP] Check Pods Manifest.lock */ = {
			isa = PBXShellScriptBuildPhase;
			buildActionMask = 2147483647;
			files = (
			);
			inputPaths = (
				"${PODS_PODFILE_DIR_PATH}/Podfile.lock",
				"${PODS_ROOT}/Manifest.lock",
			);
			name = "[CP] Check Pods Manifest.lock";
			outputPaths = (
				"$(DERIVED_FILE_DIR)/Pods-Firebase Sample AppTests-checkManifestLockResult.txt",
			);
			runOnlyForDeploymentPostprocessing = 0;
			shellPath = /bin/sh;
			shellScript = "diff \"${PODS_PODFILE_DIR_PATH}/Podfile.lock\" \"${PODS_ROOT}/Manifest.lock\" > /dev/null\nif [ $? != 0 ] ; then\n    # print error to STDERR\n    echo \"error: The sandbox is not in sync with the Podfile.lock. Run 'pod install' or update your CocoaPods installation.\" >&2\n    exit 1\nfi\n# This output is used by Xcode 'outputs' to avoid re-running this script phase.\necho \"SUCCESS\" > \"${SCRIPT_OUTPUT_FILE_0}\"\n";
			showEnvVarsInLog = 0;
		};
		E93BB7DB2C110633CDBBCD1C /* [CP] Embed Pods Frameworks */ = {
			isa = PBXShellScriptBuildPhase;
			buildActionMask = 2147483647;
			files = (
			);
			inputPaths = (
				"${SRCROOT}/Pods/Target Support Files/Pods-Firebase Sample App/Pods-Firebase Sample App-frameworks.sh",
				"${BUILT_PRODUCTS_DIR}/GTMSessionFetcher/GTMSessionFetcher.framework",
				"${BUILT_PRODUCTS_DIR}/GoogleUtilities/GoogleUtilities.framework",
				"${BUILT_PRODUCTS_DIR}/leveldb-library/leveldb.framework",
				"${BUILT_PRODUCTS_DIR}/nanopb/nanopb.framework",
			);
			name = "[CP] Embed Pods Frameworks";
			outputPaths = (
				"${TARGET_BUILD_DIR}/${FRAMEWORKS_FOLDER_PATH}/GTMSessionFetcher.framework",
				"${TARGET_BUILD_DIR}/${FRAMEWORKS_FOLDER_PATH}/GoogleUtilities.framework",
				"${TARGET_BUILD_DIR}/${FRAMEWORKS_FOLDER_PATH}/leveldb.framework",
				"${TARGET_BUILD_DIR}/${FRAMEWORKS_FOLDER_PATH}/nanopb.framework",
			);
			runOnlyForDeploymentPostprocessing = 0;
			shellPath = /bin/sh;
			shellScript = "\"${SRCROOT}/Pods/Target Support Files/Pods-Firebase Sample App/Pods-Firebase Sample App-frameworks.sh\"\n";
			showEnvVarsInLog = 0;
		};
/* End PBXShellScriptBuildPhase section */

/* Begin PBXSourcesBuildPhase section */
		84473C3B1E3ADA4B00E6492A /* Sources */ = {
			isa = PBXSourcesBuildPhase;
			buildActionMask = 2147483647;
			files = (
				84473C711E3ADCCD00E6492A /* FirebaseSampleAppTVC.swift in Sources */,
				84473C761E3AF94400E6492A /* EventCell.swift in Sources */,
				84473C431E3ADA4B00E6492A /* AppDelegate.swift in Sources */,
				798BF5241EF461AA003563A7 /* EventVC.swift in Sources */,
				84473C791E3AFF7000E6492A /* AddEventVC.swift in Sources */,
				84473C7C1E3B085600E6492A /* Event.swift in Sources */,
			);
			runOnlyForDeploymentPostprocessing = 0;
		};
		84473C4F1E3ADA4B00E6492A /* Sources */ = {
			isa = PBXSourcesBuildPhase;
			buildActionMask = 2147483647;
			files = (
				84473C581E3ADA4B00E6492A /* Firebase_Sample_AppTests.swift in Sources */,
			);
			runOnlyForDeploymentPostprocessing = 0;
		};
		84473C5A1E3ADA4B00E6492A /* Sources */ = {
			isa = PBXSourcesBuildPhase;
			buildActionMask = 2147483647;
			files = (
				84473C631E3ADA4B00E6492A /* Firebase_Sample_AppUITests.swift in Sources */,
			);
			runOnlyForDeploymentPostprocessing = 0;
		};
/* End PBXSourcesBuildPhase section */

/* Begin PBXTargetDependency section */
		84473C551E3ADA4B00E6492A /* PBXTargetDependency */ = {
			isa = PBXTargetDependency;
			target = 84473C3E1E3ADA4B00E6492A /* Firebase Sample App */;
			targetProxy = 84473C541E3ADA4B00E6492A /* PBXContainerItemProxy */;
		};
		84473C601E3ADA4B00E6492A /* PBXTargetDependency */ = {
			isa = PBXTargetDependency;
			target = 84473C3E1E3ADA4B00E6492A /* Firebase Sample App */;
			targetProxy = 84473C5F1E3ADA4B00E6492A /* PBXContainerItemProxy */;
		};
/* End PBXTargetDependency section */

/* Begin PBXVariantGroup section */
		84473C461E3ADA4B00E6492A /* Main.storyboard */ = {
			isa = PBXVariantGroup;
			children = (
				84473C471E3ADA4B00E6492A /* Base */,
			);
			name = Main.storyboard;
			sourceTree = "<group>";
		};
		84473C4B1E3ADA4B00E6492A /* LaunchScreen.storyboard */ = {
			isa = PBXVariantGroup;
			children = (
				84473C4C1E3ADA4B00E6492A /* Base */,
			);
			name = LaunchScreen.storyboard;
			sourceTree = "<group>";
		};
/* End PBXVariantGroup section */

/* Begin XCBuildConfiguration section */
		84473C651E3ADA4B00E6492A /* Debug */ = {
			isa = XCBuildConfiguration;
			buildSettings = {
				ALWAYS_SEARCH_USER_PATHS = NO;
				CLANG_ANALYZER_NONNULL = YES;
				CLANG_CXX_LANGUAGE_STANDARD = "gnu++0x";
				CLANG_CXX_LIBRARY = "libc++";
				CLANG_ENABLE_MODULES = YES;
				CLANG_ENABLE_OBJC_ARC = YES;
				CLANG_WARN_BLOCK_CAPTURE_AUTORELEASING = YES;
				CLANG_WARN_BOOL_CONVERSION = YES;
				CLANG_WARN_COMMA = YES;
				CLANG_WARN_CONSTANT_CONVERSION = YES;
				CLANG_WARN_DEPRECATED_OBJC_IMPLEMENTATIONS = YES;
				CLANG_WARN_DIRECT_OBJC_ISA_USAGE = YES_ERROR;
				CLANG_WARN_DOCUMENTATION_COMMENTS = YES;
				CLANG_WARN_EMPTY_BODY = YES;
				CLANG_WARN_ENUM_CONVERSION = YES;
				CLANG_WARN_INFINITE_RECURSION = YES;
				CLANG_WARN_INT_CONVERSION = YES;
				CLANG_WARN_NON_LITERAL_NULL_CONVERSION = YES;
				CLANG_WARN_OBJC_IMPLICIT_RETAIN_SELF = YES;
				CLANG_WARN_OBJC_LITERAL_CONVERSION = YES;
				CLANG_WARN_OBJC_ROOT_CLASS = YES_ERROR;
				CLANG_WARN_RANGE_LOOP_ANALYSIS = YES;
				CLANG_WARN_STRICT_PROTOTYPES = YES;
				CLANG_WARN_SUSPICIOUS_MOVE = YES;
				CLANG_WARN_UNREACHABLE_CODE = YES;
				CLANG_WARN__DUPLICATE_METHOD_MATCH = YES;
				"CODE_SIGN_IDENTITY[sdk=iphoneos*]" = "iPhone Developer";
				COPY_PHASE_STRIP = NO;
				DEBUG_INFORMATION_FORMAT = dwarf;
				ENABLE_STRICT_OBJC_MSGSEND = YES;
				ENABLE_TESTABILITY = YES;
				GCC_C_LANGUAGE_STANDARD = gnu99;
				GCC_DYNAMIC_NO_PIC = NO;
				GCC_NO_COMMON_BLOCKS = YES;
				GCC_OPTIMIZATION_LEVEL = 0;
				GCC_PREPROCESSOR_DEFINITIONS = (
					"DEBUG=1",
					"$(inherited)",
				);
				GCC_WARN_64_TO_32_BIT_CONVERSION = YES;
				GCC_WARN_ABOUT_RETURN_TYPE = YES_ERROR;
				GCC_WARN_UNDECLARED_SELECTOR = YES;
				GCC_WARN_UNINITIALIZED_AUTOS = YES_AGGRESSIVE;
				GCC_WARN_UNUSED_FUNCTION = YES;
				GCC_WARN_UNUSED_VARIABLE = YES;
				IPHONEOS_DEPLOYMENT_TARGET = 10.2;
				MTL_ENABLE_DEBUG_INFO = YES;
				ONLY_ACTIVE_ARCH = YES;
				SDKROOT = iphoneos;
				SWIFT_ACTIVE_COMPILATION_CONDITIONS = DEBUG;
				SWIFT_OPTIMIZATION_LEVEL = "-Onone";
				TARGETED_DEVICE_FAMILY = "1,2";
			};
			name = Debug;
		};
		84473C661E3ADA4B00E6492A /* Release */ = {
			isa = XCBuildConfiguration;
			buildSettings = {
				ALWAYS_SEARCH_USER_PATHS = NO;
				CLANG_ANALYZER_NONNULL = YES;
				CLANG_CXX_LANGUAGE_STANDARD = "gnu++0x";
				CLANG_CXX_LIBRARY = "libc++";
				CLANG_ENABLE_MODULES = YES;
				CLANG_ENABLE_OBJC_ARC = YES;
				CLANG_WARN_BLOCK_CAPTURE_AUTORELEASING = YES;
				CLANG_WARN_BOOL_CONVERSION = YES;
				CLANG_WARN_COMMA = YES;
				CLANG_WARN_CONSTANT_CONVERSION = YES;
				CLANG_WARN_DEPRECATED_OBJC_IMPLEMENTATIONS = YES;
				CLANG_WARN_DIRECT_OBJC_ISA_USAGE = YES_ERROR;
				CLANG_WARN_DOCUMENTATION_COMMENTS = YES;
				CLANG_WARN_EMPTY_BODY = YES;
				CLANG_WARN_ENUM_CONVERSION = YES;
				CLANG_WARN_INFINITE_RECURSION = YES;
				CLANG_WARN_INT_CONVERSION = YES;
				CLANG_WARN_NON_LITERAL_NULL_CONVERSION = YES;
				CLANG_WARN_OBJC_IMPLICIT_RETAIN_SELF = YES;
				CLANG_WARN_OBJC_LITERAL_CONVERSION = YES;
				CLANG_WARN_OBJC_ROOT_CLASS = YES_ERROR;
				CLANG_WARN_RANGE_LOOP_ANALYSIS = YES;
				CLANG_WARN_STRICT_PROTOTYPES = YES;
				CLANG_WARN_SUSPICIOUS_MOVE = YES;
				CLANG_WARN_UNREACHABLE_CODE = YES;
				CLANG_WARN__DUPLICATE_METHOD_MATCH = YES;
				"CODE_SIGN_IDENTITY[sdk=iphoneos*]" = "iPhone Developer";
				COPY_PHASE_STRIP = NO;
				DEBUG_INFORMATION_FORMAT = "dwarf-with-dsym";
				ENABLE_NS_ASSERTIONS = NO;
				ENABLE_STRICT_OBJC_MSGSEND = YES;
				GCC_C_LANGUAGE_STANDARD = gnu99;
				GCC_NO_COMMON_BLOCKS = YES;
				GCC_WARN_64_TO_32_BIT_CONVERSION = YES;
				GCC_WARN_ABOUT_RETURN_TYPE = YES_ERROR;
				GCC_WARN_UNDECLARED_SELECTOR = YES;
				GCC_WARN_UNINITIALIZED_AUTOS = YES_AGGRESSIVE;
				GCC_WARN_UNUSED_FUNCTION = YES;
				GCC_WARN_UNUSED_VARIABLE = YES;
				IPHONEOS_DEPLOYMENT_TARGET = 10.2;
				MTL_ENABLE_DEBUG_INFO = NO;
				SDKROOT = iphoneos;
				SWIFT_OPTIMIZATION_LEVEL = "-Owholemodule";
				TARGETED_DEVICE_FAMILY = "1,2";
				VALIDATE_PRODUCT = YES;
			};
			name = Release;
		};
		84473C681E3ADA4B00E6492A /* Debug */ = {
			isa = XCBuildConfiguration;
			baseConfigurationReference = D65FCAB86ACE913BAE9B6388 /* Pods-Firebase Sample App.debug.xcconfig */;
			buildSettings = {
				ASSETCATALOG_COMPILER_APPICON_NAME = AppIcon;
				DEVELOPMENT_TEAM = 45SUR73JFY;
				INFOPLIST_FILE = "Firebase Sample App/Info.plist";
				LD_RUNPATH_SEARCH_PATHS = "$(inherited) @executable_path/Frameworks";
				PRODUCT_BUNDLE_IDENTIFIER = "freelessons.org.firebase.Firebase-Sample-App";
				PRODUCT_NAME = "$(TARGET_NAME)";
				SWIFT_SWIFT3_OBJC_INFERENCE = On;
				SWIFT_VERSION = 4.2;
			};
			name = Debug;
		};
		84473C691E3ADA4B00E6492A /* Release */ = {
			isa = XCBuildConfiguration;
			baseConfigurationReference = A159116802B17CD8EEE9228E /* Pods-Firebase Sample App.release.xcconfig */;
			buildSettings = {
				ASSETCATALOG_COMPILER_APPICON_NAME = AppIcon;
				DEVELOPMENT_TEAM = 45SUR73JFY;
				INFOPLIST_FILE = "Firebase Sample App/Info.plist";
				LD_RUNPATH_SEARCH_PATHS = "$(inherited) @executable_path/Frameworks";
				PRODUCT_BUNDLE_IDENTIFIER = "freelessons.org.firebase.Firebase-Sample-App";
				PRODUCT_NAME = "$(TARGET_NAME)";
				SWIFT_SWIFT3_OBJC_INFERENCE = On;
				SWIFT_VERSION = 4.2;
			};
			name = Release;
		};
		84473C6B1E3ADA4B00E6492A /* Debug */ = {
			isa = XCBuildConfiguration;
			baseConfigurationReference = 4732E9A29AFBFDBB4396D06D /* Pods-Firebase Sample AppTests.debug.xcconfig */;
			buildSettings = {
				ALWAYS_EMBED_SWIFT_STANDARD_LIBRARIES = YES;
				BUNDLE_LOADER = "$(TEST_HOST)";
				DEVELOPMENT_TEAM = 45SUR73JFY;
				INFOPLIST_FILE = "Firebase Sample AppTests/Info.plist";
				LD_RUNPATH_SEARCH_PATHS = "$(inherited) @executable_path/Frameworks @loader_path/Frameworks";
				PRODUCT_BUNDLE_IDENTIFIER = "freelessons.org.firebase.Firebase-Sample-AppTests";
				PRODUCT_NAME = "$(TARGET_NAME)";
				SWIFT_SWIFT3_OBJC_INFERENCE = On;
				SWIFT_VERSION = 4.2;
				TEST_HOST = "$(BUILT_PRODUCTS_DIR)/Firebase Sample App.app/Firebase Sample App";
			};
			name = Debug;
		};
		84473C6C1E3ADA4B00E6492A /* Release */ = {
			isa = XCBuildConfiguration;
			baseConfigurationReference = 7510C25079CD49109DC157DE /* Pods-Firebase Sample AppTests.release.xcconfig */;
			buildSettings = {
				ALWAYS_EMBED_SWIFT_STANDARD_LIBRARIES = YES;
				BUNDLE_LOADER = "$(TEST_HOST)";
				DEVELOPMENT_TEAM = 45SUR73JFY;
				INFOPLIST_FILE = "Firebase Sample AppTests/Info.plist";
				LD_RUNPATH_SEARCH_PATHS = "$(inherited) @executable_path/Frameworks @loader_path/Frameworks";
				PRODUCT_BUNDLE_IDENTIFIER = "freelessons.org.firebase.Firebase-Sample-AppTests";
				PRODUCT_NAME = "$(TARGET_NAME)";
				SWIFT_SWIFT3_OBJC_INFERENCE = On;
				SWIFT_VERSION = 4.2;
				TEST_HOST = "$(BUILT_PRODUCTS_DIR)/Firebase Sample App.app/Firebase Sample App";
			};
			name = Release;
		};
		84473C6E1E3ADA4B00E6492A /* Debug */ = {
			isa = XCBuildConfiguration;
			baseConfigurationReference = 8140766CC4D38B114B6ABBE5 /* Pods-Firebase Sample AppUITests.debug.xcconfig */;
			buildSettings = {
				ALWAYS_EMBED_SWIFT_STANDARD_LIBRARIES = YES;
				DEVELOPMENT_TEAM = 45SUR73JFY;
				INFOPLIST_FILE = "Firebase Sample AppUITests/Info.plist";
				LD_RUNPATH_SEARCH_PATHS = "$(inherited) @executable_path/Frameworks @loader_path/Frameworks";
				PRODUCT_BUNDLE_IDENTIFIER = "freelessons.org.firebase.Firebase-Sample-AppUITests";
				PRODUCT_NAME = "$(TARGET_NAME)";
				SWIFT_SWIFT3_OBJC_INFERENCE = On;
				SWIFT_VERSION = 4.2;
				TEST_TARGET_NAME = "Firebase Sample App";
			};
			name = Debug;
		};
		84473C6F1E3ADA4B00E6492A /* Release */ = {
			isa = XCBuildConfiguration;
			baseConfigurationReference = 3E8FC5F70A224B2B0FE99C46 /* Pods-Firebase Sample AppUITests.release.xcconfig */;
			buildSettings = {
				ALWAYS_EMBED_SWIFT_STANDARD_LIBRARIES = YES;
				DEVELOPMENT_TEAM = 45SUR73JFY;
				INFOPLIST_FILE = "Firebase Sample AppUITests/Info.plist";
				LD_RUNPATH_SEARCH_PATHS = "$(inherited) @executable_path/Frameworks @loader_path/Frameworks";
				PRODUCT_BUNDLE_IDENTIFIER = "freelessons.org.firebase.Firebase-Sample-AppUITests";
				PRODUCT_NAME = "$(TARGET_NAME)";
				SWIFT_SWIFT3_OBJC_INFERENCE = On;
				SWIFT_VERSION = 4.2;
				TEST_TARGET_NAME = "Firebase Sample App";
			};
			name = Release;
		};
/* End XCBuildConfiguration section */

/* Begin XCConfigurationList section */
		84473C3A1E3ADA4B00E6492A /* Build configuration list for PBXProject "Firebase Sample App" */ = {
			isa = XCConfigurationList;
			buildConfigurations = (
				84473C651E3ADA4B00E6492A /* Debug */,
				84473C661E3ADA4B00E6492A /* Release */,
			);
			defaultConfigurationIsVisible = 0;
			defaultConfigurationName = Release;
		};
		84473C671E3ADA4B00E6492A /* Build configuration list for PBXNativeTarget "Firebase Sample App" */ = {
			isa = XCConfigurationList;
			buildConfigurations = (
				84473C681E3ADA4B00E6492A /* Debug */,
				84473C691E3ADA4B00E6492A /* Release */,
			);
			defaultConfigurationIsVisible = 0;
			defaultConfigurationName = Release;
		};
		84473C6A1E3ADA4B00E6492A /* Build configuration list for PBXNativeTarget "Firebase Sample AppTests" */ = {
			isa = XCConfigurationList;
			buildConfigurations = (
				84473C6B1E3ADA4B00E6492A /* Debug */,
				84473C6C1E3ADA4B00E6492A /* Release */,
			);
			defaultConfigurationIsVisible = 0;
			defaultConfigurationName = Release;
		};
		84473C6D1E3ADA4B00E6492A /* Build configuration list for PBXNativeTarget "Firebase Sample AppUITests" */ = {
			isa = XCConfigurationList;
			buildConfigurations = (
				84473C6E1E3ADA4B00E6492A /* Debug */,
				84473C6F1E3ADA4B00E6492A /* Release */,
			);
			defaultConfigurationIsVisible = 0;
			defaultConfigurationName = Release;
		};
/* End XCConfigurationList section */
	};
	rootObject = 84473C371E3ADA4B00E6492A /* Project object */;
}
